
Microsoft Visual Studio Solution File, Format Version 12.00
# Visual Studio Version 17
VisualStudioVersion = 17.3.32811.315
MinimumVisualStudioVersion = 10.0.40219.1
Project("{9A19103F-16F7-4668-BE54-9A1E7A4F7556}") = "OnionArchitecture.Repo", "OnionArchitecture.REPO\OnionArchitecture.Repo.csproj", "{483D3C8F-DB70-4D00-8246-2484FB49530C}"
EndProject
Project("{9A19103F-16F7-4668-BE54-9A1E7A4F7556}") = "OnionArchitecture.Service", "OnionArchitecture.Service\OnionArchitecture.Service.csproj", "{0914259D-26A2-4FDE-B0DA-1AEBBA86530E}"
EndProject
Project("{9A19103F-16F7-4668-BE54-9A1E7A4F7556}") = "OnionArchitecture.WebAPI", "OnionArchitecture.WebAPI\OnionArchitecture.WebAPI.csproj", "{7488F8E2-779D-4DF9-874A-49B2B2B961AD}"
EndProject
Project("{FAE04EC0-301F-11D3-BF4B-00C04F79EFBC}") = "OnionArchitecture.Data", "OnionArchitecture.Data\OnionArchitecture.Data.csproj", "{DE7DCFB2-4DFB-413A-A191-085FD24A2F6E}"
EndProject
Global
	GlobalSection(SolutionConfigurationPlatforms) = preSolution
		Debug|Any CPU = Debug|Any CPU
		Release|Any CPU = Release|Any CPU
	EndGlobalSection
	GlobalSection(ProjectConfigurationPlatforms) = postSolution
		{483D3C8F-DB70-4D00-8246-2484FB49530C}.Debug|Any CPU.ActiveCfg = Debug|Any CPU
		{483D3C8F-DB70-4D00-8246-2484FB49530C}.Debug|Any CPU.Build.0 = Debug|Any CPU
		{483D3C8F-DB70-4D00-8246-2484FB49530C}.Release|Any CPU.ActiveCfg = Release|Any CPU
		{483D3C8F-DB70-4D00-8246-2484FB49530C}.Release|Any CPU.Build.0 = Release|Any CPU
		{0914259D-26A2-4FDE-B0DA-1AEBBA86530E}.Debug|Any CPU.ActiveCfg = Debug|Any CPU
		{0914259D-26A2-4FDE-B0DA-1AEBBA86530E}.Debug|Any CPU.Build.0 = Debug|Any CPU
		{0914259D-26A2-4FDE-B0DA-1AEBBA86530E}.Release|Any CPU.ActiveCfg = Release|Any CPU
		{0914259D-26A2-4FDE-B0DA-1AEBBA86530E}.Release|Any CPU.Build.0 = Release|Any CPU
		{7488F8E2-779D-4DF9-874A-49B2B2B961AD}.Debug|Any CPU.ActiveCfg = Debug|Any CPU
		{7488F8E2-779D-4DF9-874A-49B2B2B961AD}.Debug|Any CPU.Build.0 = Debug|Any CPU
		{7488F8E2-779D-4DF9-874A-49B2B2B961AD}.Release|Any CPU.ActiveCfg = Release|Any CPU
		{7488F8E2-779D-4DF9-874A-49B2B2B961AD}.Release|Any CPU.Build.0 = Release|Any CPU
		{DE7DCFB2-4DFB-413A-A191-085FD24A2F6E}.Debug|Any CPU.ActiveCfg = Debug|Any CPU
		{DE7DCFB2-4DFB-413A-A191-085FD24A2F6E}.Debug|Any CPU.Build.0 = Debug|Any CPU
		{DE7DCFB2-4DFB-413A-A191-085FD24A2F6E}.Release|Any CPU.ActiveCfg = Release|Any CPU
		{DE7DCFB2-4DFB-413A-A191-085FD24A2F6E}.Release|Any CPU.Build.0 = Release|Any CPU
	EndGlobalSection
	GlobalSection(SolutionProperties) = preSolution
		HideSolutionNode = FALSE
	EndGlobalSection
	GlobalSection(ExtensibilityGlobals) = postSolution
		SolutionGuid = {5D84699F-6F5F-4CDB-9F8F-38A0B304B39C}
	EndGlobalSection
EndGlobal
